
Microsoft Visual Studio Solution File, Format Version 12.00
# Visual Studio Version 17
VisualStudioVersion = 17.10.35122.118
MinimumVisualStudioVersion = 10.0.40219.1
Project("{FAE04EC0-301F-11D3-BF4B-00C04F79EFBC}") = "SimpleHelloWorld", "SimpleHelloWorld\SimpleHelloWorld.csproj", "{6ABE3233-5C86-4081-B50F-C76ED32A2553}"
EndProject
Global
	GlobalSection(SolutionConfigurationPlatforms) = preSolution
		Debug|Any CPU = Debug|Any CPU
		Release|Any CPU = Release|Any CPU
	EndGlobalSection
	GlobalSection(ProjectConfigurationPlatforms) = postSolution
		{6ABE3233-5C86-4081-B50F-C76ED32A2553}.Debug|Any CPU.ActiveCfg = Debug|Any CPU
		{6ABE3233-5C86-4081-B50F-C76ED32A2553}.Debug|Any CPU.Build.0 = Debug|Any CPU
		{6ABE3233-5C86-4081-B50F-C76ED32A2553}.Release|Any CPU.ActiveCfg = Release|Any CPU
		{6ABE3233-5C86-4081-B50F-C76ED32A2553}.Release|Any CPU.Build.0 = Release|Any CPU
	EndGlobalSection
	GlobalSection(SolutionProperties) = preSolution
		HideSolutionNode = FALSE
	EndGlobalSection
	GlobalSection(ExtensibilityGlobals) = postSolution
		SolutionGuid = {0A314104-D37F-4276-8655-751C4375208C}
	EndGlobalSection
EndGlobal
